
Microsoft Visual Studio Solution File, Format Version 12.00
# Visual Studio Version 17
VisualStudioVersion = 17.2.32519.379
MinimumVisualStudioVersion = 10.0.40219.1
Project("{9A19103F-16F7-4668-BE54-9A1E7A4F7556}") = "SWIDFromXSD", "SWIDFromXSD\SWIDFromXSD.csproj", "{E91930DA-169F-4828-A842-5FE1D09C53A5}"
EndProject
Project("{FAE04EC0-301F-11D3-BF4B-00C04F79EFBC}") = "SWIDFromXSDTests", "SWIDFromXSDTests\SWIDFromXSDTests.csproj", "{739DFCFA-E150-4774-8D8B-D47A8DFF6A35}"
	ProjectSection(ProjectDependencies) = postProject
		{E91930DA-169F-4828-A842-5FE1D09C53A5} = {E91930DA-169F-4828-A842-5FE1D09C53A5}
	EndProjectSection
EndProject
Global
	GlobalSection(SolutionConfigurationPlatforms) = preSolution
		Debug|Any CPU = Debug|Any CPU
		Release|Any CPU = Release|Any CPU
	EndGlobalSection
	GlobalSection(ProjectConfigurationPlatforms) = postSolution
		{E91930DA-169F-4828-A842-5FE1D09C53A5}.Debug|Any CPU.ActiveCfg = Debug|Any CPU
		{E91930DA-169F-4828-A842-5FE1D09C53A5}.Debug|Any CPU.Build.0 = Debug|Any CPU
		{E91930DA-169F-4828-A842-5FE1D09C53A5}.Release|Any CPU.ActiveCfg = Release|Any CPU
		{E91930DA-169F-4828-A842-5FE1D09C53A5}.Release|Any CPU.Build.0 = Release|Any CPU
		{739DFCFA-E150-4774-8D8B-D47A8DFF6A35}.Debug|Any CPU.ActiveCfg = Debug|Any CPU
		{739DFCFA-E150-4774-8D8B-D47A8DFF6A35}.Debug|Any CPU.Build.0 = Debug|Any CPU
		{739DFCFA-E150-4774-8D8B-D47A8DFF6A35}.Release|Any CPU.ActiveCfg = Release|Any CPU
		{739DFCFA-E150-4774-8D8B-D47A8DFF6A35}.Release|Any CPU.Build.0 = Release|Any CPU
	EndGlobalSection
	GlobalSection(SolutionProperties) = preSolution
		HideSolutionNode = FALSE
	EndGlobalSection
	GlobalSection(ExtensibilityGlobals) = postSolution
		SolutionGuid = {7BE49DB5-4E15-47C7-BFF7-EB886099DC4E}
	EndGlobalSection
EndGlobal
